{
  "version": 1,
  "dependencies": {
    "net8.0": {
      "DocumentFormat.OpenXml": {
        "type": "Direct",
        "requested": "[3.0.2, )",
        "resolved": "3.0.2",
        "contentHash": "gqjP/BxKWgwAWwPAN+RpKaMOiidPM07F+mAxiiW184/MnkHnkk12Qo7cRB0wuq4kOZUrUzQ9EUO966hUy/wKBw==",
        "dependencies": {
          "DocumentFormat.OpenXml.Framework": "3.0.2"
        }
      },
      "Microsoft.Extensions.Logging.Abstractions": {
        "type": "Direct",
        "requested": "[8.0.0, )",
        "resolved": "8.0.0",
        "contentHash": "arDBqTgFCyS0EvRV7O3MZturChstm50OJ0y9bDJvAcmEPJm0FFpFyjU/JLYyStNGGey081DvnQYlncNX5SJJGA==",
        "dependencies": {
          "Microsoft.Extensions.DependencyInjection.Abstractions": "8.0.0"
        }
      },
      "QuestPDF": {
        "type": "Direct",
        "requested": "[2024.7.0, )",
        "resolved": "2024.7.0",
        "contentHash": "eZCzZYYqdZ6V6JvOSaCm8RpGDmqW+au8XMJQGuzQ8uMzSc8N8YEJG4R8qx7rwFpDJpsuLxUiBHNd8Xz4VFSksw=="
      },
      "DocumentFormat.OpenXml.Framework": {
        "type": "Transitive",
        "resolved": "3.0.2",
        "contentHash": "ILRCJu2dUJDv27ZCQDftD7AZSuBgKg+ZSUF9dg2dk8qcIED7oM42y/cvZIm0mev80nj2QMzpxthX87+AebzHug==",
        "dependencies": {
          "System.IO.Packaging": "8.0.0"
        }
      },
      "Microsoft.Extensions.DependencyInjection.Abstractions": {
        "type": "Transitive",
        "resolved": "8.0.0",
        "contentHash": "cjWrLkJXK0rs4zofsK4bSdg+jhDLTaxrkXu4gS6Y7MAlCvRyNNgwY/lJi5RDlQOnSZweHqoyvgvbdvQsRIW+hg=="
      },
      "System.IO.Packaging": {
        "type": "Transitive",
        "resolved": "8.0.0",
        "contentHash": "8g1V4YRpdGAxFcK8v9OjuMdIOJSpF30Zb1JGicwVZhly3I994WFyBdV6mQEo8d3T+URQe55/M0U0eIH0Hts1bg=="
      }
    }
  }
}